// !$*UTF8*$!
{
	archiveVersion = 1;
	classes = {
	};
	objectVersion = 46;
	objects = {

/* Begin PBXBuildFile section */
		224734821DCED07300EF5241 /* AppDelegate.swift in Sources */ = {isa = PBXBuildFile; fileRef = 224734811DCED07300EF5241 /* AppDelegate.swift */; };
		224734841DCED07400EF5241 /* ViewController.swift in Sources */ = {isa = PBXBuildFile; fileRef = 224734831DCED07400EF5241 /* ViewController.swift */; };
		224734871DCED07400EF5241 /* Main.storyboard in Resources */ = {isa = PBXBuildFile; fileRef = 224734851DCED07400EF5241 /* Main.storyboard */; };
		224734891DCED07400EF5241 /* Assets.xcassets in Resources */ = {isa = PBXBuildFile; fileRef = 224734881DCED07400EF5241 /* Assets.xcassets */; };
		2247348C1DCED07400EF5241 /* LaunchScreen.storyboard in Resources */ = {isa = PBXBuildFile; fileRef = 2247348A1DCED07400EF5241 /* LaunchScreen.storyboard */; };
/* End PBXBuildFile section */

/* Begin PBXFileReference section */
		2247347E1DCED07300EF5241 /* AC Custom Keyboard.app */ = {isa = PBXFileReference; explicitFileType = wrapper.application; includeInIndex = 0; path = "AC Custom Keyboard.app"; sourceTree = BUILT_PRODUCTS_DIR; };
		224734811DCED07300EF5241 /* AppDelegate.swift */ = {isa = PBXFileReference; lastKnownFileType = sourcecode.swift; path = AppDelegate.swift; sourceTree = "<group>"; };
		224734831DCED07400EF5241 /* ViewController.swift */ = {isa = PBXFileReference; lastKnownFileType = sourcecode.swift; path = ViewController.swift; sourceTree = "<group>"; };
		224734861DCED07400EF5241 /* Base */ = {isa = PBXFileReference; lastKnownFileType = file.storyboard; name = Base; path = Base.lproj/Main.storyboard; sourceTree = "<group>"; };
		224734881DCED07400EF5241 /* Assets.xcassets */ = {isa = PBXFileReference; lastKnownFileType = folder.assetcatalog; path = Assets.xcassets; sourceTree = "<group>"; };
		2247348B1DCED07400EF5241 /* Base */ = {isa = PBXFileReference; lastKnownFileType = file.storyboard; name = Base; path = Base.lproj/LaunchScreen.storyboard; sourceTree = "<group>"; };
		2247348D1DCED07400EF5241 /* Info.plist */ = {isa = PBXFileReference; lastKnownFileType = text.plist.xml; path = Info.plist; sourceTree = "<group>"; };
/* End PBXFileReference section */

/* Begin PBXFrameworksBuildPhase section */
		2247347B1DCED07300EF5241 /* Frameworks */ = {
			isa = PBXFrameworksBuildPhase;
			buildActionMask = 2147483647;
			files = (
			);
			runOnlyForDeploymentPostprocessing = 0;
		};
/* End PBXFrameworksBuildPhase section */

/* Begin PBXGroup section */
		224734751DCED07300EF5241 = {
			isa = PBXGroup;
			children = (
				224734801DCED07300EF5241 /* AC Custom Keyboard */,
				2247347F1DCED07300EF5241 /* Products */,
			);
			sourceTree = "<group>";
		};
		2247347F1DCED07300EF5241 /* Products */ = {
			isa = PBXGroup;
			children = (
				2247347E1DCED07300EF5241 /* AC Custom Keyboard.app */,
			);
			name = Products;
			sourceTree = "<group>";
		};
		224734801DCED07300EF5241 /* AC Custom Keyboard */ = {
			isa = PBXGroup;
			children = (
				224734811DCED07300EF5241 /* AppDelegate.swift */,
				224734831DCED07400EF5241 /* ViewController.swift */,
				224734851DCED07400EF5241 /* Main.storyboard */,
				224734881DCED07400EF5241 /* Assets.xcassets */,
				2247348A1DCED07400EF5241 /* LaunchScreen.storyboard */,
				2247348D1DCED07400EF5241 /* Info.plist */,
			);
			path = "AC Custom Keyboard";
			sourceTree = "<group>";
		};
/* End PBXGroup section */

/* Begin PBXNativeTarget section */
		2247347D1DCED07300EF5241 /* AC Custom Keyboard */ = {
			isa = PBXNativeTarget;
			buildConfigurationList = 224734901DCED07400EF5241 /* Build configuration list for PBXNativeTarget "AC Custom Keyboard" */;
			buildPhases = (
				2247347A1DCED07300EF5241 /* Sources */,
				2247347B1DCED07300EF5241 /* Frameworks */,
				2247347C1DCED07300EF5241 /* Resources */,
			);
			buildRules = (
			);
			dependencies = (
			);
			name = "AC Custom Keyboard";
			productName = "AC Custom Keyboard";
			productReference = 2247347E1DCED07300EF5241 /* AC Custom Keyboard.app */;
			productType = "com.apple.product-type.application";
		};
/* End PBXNativeTarget section */

/* Begin PBXProject section */
		224734761DCED07300EF5241 /* Project object */ = {
			isa = PBXProject;
			attributes = {
				LastSwiftUpdateCheck = 0800;
				LastUpgradeCheck = 0800;
				ORGANIZATIONNAME = "Sam Steady";
				TargetAttributes = {
					2247347D1DCED07300EF5241 = {
						CreatedOnToolsVersion = 8.0;
						ProvisioningStyle = Automatic;
					};
				};
			};
			buildConfigurationList = 224734791DCED07300EF5241 /* Build configuration list for PBXProject "AC Custom Keyboard" */;
			compatibilityVersion = "Xcode 3.2";
			developmentRegion = English;
			hasScannedForEncodings = 0;
			knownRegions = (
				en,
				Base,
			);
			mainGroup = 224734751DCED07300EF5241;
			productRefGroup = 2247347F1DCED07300EF5241 /* Products */;
			projectDirPath = "";
			projectRoot = "";
			targets = (
				2247347D1DCED07300EF5241 /* AC Custom Keyboard */,
			);
		};
/* End PBXProject section */

/* Begin PBXResourcesBuildPhase section */
		2247347C1DCED07300EF5241 /* Resources */ = {
			isa = PBXResourcesBuildPhase;
			buildActionMask = 2147483647;
			files = (
				2247348C1DCED07400EF5241 /* LaunchScreen.storyboard in Resources */,
				224734891DCED07400EF5241 /* Assets.xcassets in Resources */,
				224734871DCED07400EF5241 /* Main.storyboard in Resources */,
			);
			runOnlyForDeploymentPostprocessing = 0;
		};
/* End PBXResourcesBuildPhase section */

/* Begin PBXSourcesBuildPhase section */
		2247347A1DCED07300EF5241 /* Sources */ = {
			isa = PBXSourcesBuildPhase;
			buildActionMask = 2147483647;
			files = (
				224734841DCED07400EF5241 /* ViewController.swift in Sources */,
				224734821DCED07300EF5241 /* AppDelegate.swift in Sources */,
			);
			runOnlyForDeploymentPostprocessing = 0;
		};
/* End PBXSourcesBuildPhase section */

/* Begin PBXVariantGroup section */
		224734851DCED07400EF5241 /* Main.storyboard */ = {
			isa = PBXVariantGroup;
			children = (
				224734861DCED07400EF5241 /* Base */,
			);
			name = Main.storyboard;
			sourceTree = "<group>";
		};
		2247348A1DCED07400EF5241 /* LaunchScreen.storyboard */ = {
			isa = PBXVariantGroup;
			children = (
				2247348B1DCED07400EF5241 /* Base */,
			);
			name = LaunchScreen.storyboard;
			sourceTree = "<group>";
		};
/* End PBXVariantGroup section */

/* Begin XCBuildConfiguration section */
		2247348E1DCED07400EF5241 /* Debug */ = {
			isa = XCBuildConfiguration;
			buildSettings = {
				ALWAYS_SEARCH_USER_PATHS = NO;
				CLANG_ANALYZER_NONNULL = YES;
				CLANG_CXX_LANGUAGE_STANDARD = "gnu++0x";
				CLANG_CXX_LIBRARY = "libc++";
				CLANG_ENABLE_MODULES = YES;
				CLANG_ENABLE_OBJC_ARC = YES;
				CLANG_WARN_BOOL_CONVERSION = YES;
				CLANG_WARN_CONSTANT_CONVERSION = YES;
				CLANG_WARN_DIRECT_OBJC_ISA_USAGE = YES_ERROR;
				CLANG_WARN_DOCUMENTATION_COMMENTS = YES;
				CLANG_WARN_EMPTY_BODY = YES;
				CLANG_WARN_ENUM_CONVERSION = YES;
				CLANG_WARN_INFINITE_RECURSION = YES;
				CLANG_WARN_INT_CONVERSION = YES;
				CLANG_WARN_OBJC_ROOT_CLASS = YES_ERROR;
				CLANG_WARN_SUSPICIOUS_MOVES = YES;
				CLANG_WARN_UNREACHABLE_CODE = YES;
				CLANG_WARN__DUPLICATE_METHOD_MATCH = YES;
				"CODE_SIGN_IDENTITY[sdk=iphoneos*]" = "iPhone Developer";
				COPY_PHASE_STRIP = NO;
				DEBUG_INFORMATION_FORMAT = dwarf;
				ENABLE_STRICT_OBJC_MSGSEND = YES;
				ENABLE_TESTABILITY = YES;
				GCC_C_LANGUAGE_STANDARD = gnu99;
				GCC_DYNAMIC_NO_PIC = NO;
				GCC_NO_COMMON_BLOCKS = YES;
				GCC_OPTIMIZATION_LEVEL = 0;
				GCC_PREPROCESSOR_DEFINITIONS = (
					"DEBUG=1",
					"$(inherited)",
				);
				GCC_WARN_64_TO_32_BIT_CONVERSION = YES;
				GCC_WARN_ABOUT_RETURN_TYPE = YES_ERROR;
				GCC_WARN_UNDECLARED_SELECTOR = YES;
				GCC_WARN_UNINITIALIZED_AUTOS = YES_AGGRESSIVE;
				GCC_WARN_UNUSED_FUNCTION = YES;
				GCC_WARN_UNUSED_VARIABLE = YES;
				IPHONEOS_DEPLOYMENT_TARGET = 10.0;
				MTL_ENABLE_DEBUG_INFO = YES;
				ONLY_ACTIVE_ARCH = YES;
				SDKROOT = iphoneos;
				SWIFT_ACTIVE_COMPILATION_CONDITIONS = DEBUG;
				SWIFT_OPTIMIZATION_LEVEL = "-Onone";
			};
			name = Debug;
		};
		2247348F1DCED07400EF5241 /* Release */ = {
			isa = XCBuildConfiguration;
			buildSettings = {
				ALWAYS_SEARCH_USER_PATHS = NO;
				CLANG_ANALYZER_NONNULL = YES;
				CLANG_CXX_LANGUAGE_STANDARD = "gnu++0x";
				CLANG_CXX_LIBRARY = "libc++";
				CLANG_ENABLE_MODULES = YES;
				CLANG_ENABLE_OBJC_ARC = YES;
				CLANG_WARN_BOOL_CONVERSION = YES;
				CLANG_WARN_CONSTANT_CONVERSION = YES;
				CLANG_WARN_DIRECT_OBJC_ISA_USAGE = YES_ERROR;
				CLANG_WARN_DOCUMENTATION_COMMENTS = YES;
				CLANG_WARN_EMPTY_BODY = YES;
				CLANG_WARN_ENUM_CONVERSION = YES;
				CLANG_WARN_INFINITE_RECURSION = YES;
				CLANG_WARN_INT_CONVERSION = YES;
				CLANG_WARN_OBJC_ROOT_CLASS = YES_ERROR;
				CLANG_WARN_SUSPICIOUS_MOVES = YES;
				CLANG_WARN_UNREACHABLE_CODE = YES;
				CLANG_WARN__DUPLICATE_METHOD_MATCH = YES;
				"CODE_SIGN_IDENTITY[sdk=iphoneos*]" = "iPhone Developer";
				COPY_PHASE_STRIP = NO;
				DEBUG_INFORMATION_FORMAT = "dwarf-with-dsym";
				ENABLE_NS_ASSERTIONS = NO;
				ENABLE_STRICT_OBJC_MSGSEND = YES;
				GCC_C_LANGUAGE_STANDARD = gnu99;
				GCC_NO_COMMON_BLOCKS = YES;
				GCC_WARN_64_TO_32_BIT_CONVERSION = YES;
				GCC_WARN_ABOUT_RETURN_TYPE = YES_ERROR;
				GCC_WARN_UNDECLARED_SELECTOR = YES;
				GCC_WARN_UNINITIALIZED_AUTOS = YES_AGGRESSIVE;
				GCC_WARN_UNUSED_FUNCTION = YES;
				GCC_WARN_UNUSED_VARIABLE = YES;
				IPHONEOS_DEPLOYMENT_TARGET = 10.0;
				MTL_ENABLE_DEBUG_INFO = NO;
				SDKROOT = iphoneos;
				SWIFT_OPTIMIZATION_LEVEL = "-Owholemodule";
				VALIDATE_PRODUCT = YES;
			};
			name = Release;
		};
		224734911DCED07400EF5241 /* Debug */ = {
			isa = XCBuildConfiguration;
			buildSettings = {
				ASSETCATALOG_COMPILER_APPICON_NAME = AppIcon;
				INFOPLIST_FILE = "AC Custom Keyboard/Info.plist";
				LD_RUNPATH_SEARCH_PATHS = "$(inherited) @executable_path/Frameworks";
				PRODUCT_BUNDLE_IDENTIFIER = "com.samsteady.AC-Custom-Keyboard";
				PRODUCT_NAME = "$(TARGET_NAME)";
				SWIFT_VERSION = 3.0;
			};
			name = Debug;
		};
		224734921DCED07400EF5241 /* Release */ = {
			isa = XCBuildConfiguration;
			buildSettings = {
				ASSETCATALOG_COMPILER_APPICON_NAME = AppIcon;
				INFOPLIST_FILE = "AC Custom Keyboard/Info.plist";
				LD_RUNPATH_SEARCH_PATHS = "$(inherited) @executable_path/Frameworks";
				PRODUCT_BUNDLE_IDENTIFIER = "com.samsteady.AC-Custom-Keyboard";
				PRODUCT_NAME = "$(TARGET_NAME)";
				SWIFT_VERSION = 3.0;
			};
			name = Release;
		};
/* End XCBuildConfiguration section */

/* Begin XCConfigurationList section */
		224734791DCED07300EF5241 /* Build configuration list for PBXProject "AC Custom Keyboard" */ = {
			isa = XCConfigurationList;
			buildConfigurations = (
				2247348E1DCED07400EF5241 /* Debug */,
				2247348F1DCED07400EF5241 /* Release */,
			);
			defaultConfigurationIsVisible = 0;
			defaultConfigurationName = Release;
		};
		224734901DCED07400EF5241 /* Build configuration list for PBXNativeTarget "AC Custom Keyboard" */ = {
			isa = XCConfigurationList;
			buildConfigurations = (
				224734911DCED07400EF5241 /* Debug */,
				224734921DCED07400EF5241 /* Release */,
			);
			defaultConfigurationIsVisible = 0;
		};
/* End XCConfigurationList section */
	};
	rootObject = 224734761DCED07300EF5241 /* Project object */;
}
